
Microsoft Visual Studio Solution File, Format Version 12.00
# Visual Studio Version 17
VisualStudioVersion = 17.13.35919.96 d17.13
MinimumVisualStudioVersion = 10.0.40219.1
Project("{FAE04EC0-301F-11D3-BF4B-00C04F79EFBC}") = "ConsoleApp1", "ConsoleApp1.csproj", "{B7123CF8-9242-4A1C-BE77-BC0C2CE7CCB9}"
EndProject
Global
	GlobalSection(SolutionConfigurationPlatforms) = preSolution
		Debug|Any CPU = Debug|Any CPU
		Release|Any CPU = Release|Any CPU
	EndGlobalSection
	GlobalSection(ProjectConfigurationPlatforms) = postSolution
		{B7123CF8-9242-4A1C-BE77-BC0C2CE7CCB9}.Debug|Any CPU.ActiveCfg = Debug|Any CPU
		{B7123CF8-9242-4A1C-BE77-BC0C2CE7CCB9}.Debug|Any CPU.Build.0 = Debug|Any CPU
		{B7123CF8-9242-4A1C-BE77-BC0C2CE7CCB9}.Release|Any CPU.ActiveCfg = Release|Any CPU
		{B7123CF8-9242-4A1C-BE77-BC0C2CE7CCB9}.Release|Any CPU.Build.0 = Release|Any CPU
	EndGlobalSection
	GlobalSection(SolutionProperties) = preSolution
		HideSolutionNode = FALSE
	EndGlobalSection
	GlobalSection(ExtensibilityGlobals) = postSolution
		SolutionGuid = {3D0C9FF4-1163-49A0-9008-56F7D817CAC9}
	EndGlobalSection
EndGlobal
